// !$*UTF8*$!
{
	archiveVersion = 1;
	classes = {
	};
	objectVersion = 55;
	objects = {

/* Begin PBXBuildFile section */
		5F979A2D2899D77400580C8D /* AppDelegate.swift in Sources */ = {isa = PBXBuildFile; fileRef = 5F979A2C2899D77400580C8D /* AppDelegate.swift */; };
		5F979A2F2899D77400580C8D /* SceneDelegate.swift in Sources */ = {isa = PBXBuildFile; fileRef = 5F979A2E2899D77400580C8D /* SceneDelegate.swift */; };
		5F979A312899D77400580C8D /* ViewController.swift in Sources */ = {isa = PBXBuildFile; fileRef = 5F979A302899D77400580C8D /* ViewController.swift */; };
		5F979A342899D77400580C8D /* Main.storyboard in Resources */ = {isa = PBXBuildFile; fileRef = 5F979A322899D77400580C8D /* Main.storyboard */; };
		5F979A372899D77400580C8D /* iDImprovedFinal.xcdatamodeld in Sources */ = {isa = PBXBuildFile; fileRef = 5F979A352899D77400580C8D /* iDImprovedFinal.xcdatamodeld */; };
		5F979A392899D77600580C8D /* Assets.xcassets in Resources */ = {isa = PBXBuildFile; fileRef = 5F979A382899D77600580C8D /* Assets.xcassets */; };
		5F979A3C2899D77600580C8D /* LaunchScreen.storyboard in Resources */ = {isa = PBXBuildFile; fileRef = 5F979A3A2899D77600580C8D /* LaunchScreen.storyboard */; };
		5F979A472899D77600580C8D /* iDImprovedFinalTests.swift in Sources */ = {isa = PBXBuildFile; fileRef = 5F979A462899D77600580C8D /* iDImprovedFinalTests.swift */; };
		5F979A512899D77600580C8D /* iDImprovedFinalUITests.swift in Sources */ = {isa = PBXBuildFile; fileRef = 5F979A502899D77600580C8D /* iDImprovedFinalUITests.swift */; };
		5F979A532899D77600580C8D /* iDImprovedFinalUITestsLaunchTests.swift in Sources */ = {isa = PBXBuildFile; fileRef = 5F979A522899D77600580C8D /* iDImprovedFinalUITestsLaunchTests.swift */; };
/* End PBXBuildFile section */

/* Begin PBXContainerItemProxy section */
		5F979A432899D77600580C8D /* PBXContainerItemProxy */ = {
			isa = PBXContainerItemProxy;
			containerPortal = 5F979A212899D77400580C8D /* Project object */;
			proxyType = 1;
			remoteGlobalIDString = 5F979A282899D77400580C8D;
			remoteInfo = iDImprovedFinal;
		};
		5F979A4D2899D77600580C8D /* PBXContainerItemProxy */ = {
			isa = PBXContainerItemProxy;
			containerPortal = 5F979A212899D77400580C8D /* Project object */;
			proxyType = 1;
			remoteGlobalIDString = 5F979A282899D77400580C8D;
			remoteInfo = iDImprovedFinal;
		};
/* End PBXContainerItemProxy section */

/* Begin PBXFileReference section */
		5F979A292899D77400580C8D /* iDImprovedFinal.app */ = {isa = PBXFileReference; explicitFileType = wrapper.application; includeInIndex = 0; path = iDImprovedFinal.app; sourceTree = BUILT_PRODUCTS_DIR; };
		5F979A2C2899D77400580C8D /* AppDelegate.swift */ = {isa = PBXFileReference; lastKnownFileType = sourcecode.swift; path = AppDelegate.swift; sourceTree = "<group>"; };
		5F979A2E2899D77400580C8D /* SceneDelegate.swift */ = {isa = PBXFileReference; lastKnownFileType = sourcecode.swift; path = SceneDelegate.swift; sourceTree = "<group>"; };
		5F979A302899D77400580C8D /* ViewController.swift */ = {isa = PBXFileReference; lastKnownFileType = sourcecode.swift; path = ViewController.swift; sourceTree = "<group>"; };
		5F979A332899D77400580C8D /* Base */ = {isa = PBXFileReference; lastKnownFileType = file.storyboard; name = Base; path = Base.lproj/Main.storyboard; sourceTree = "<group>"; };
		5F979A362899D77400580C8D /* iDImprovedFinal.xcdatamodel */ = {isa = PBXFileReference; lastKnownFileType = wrapper.xcdatamodel; path = iDImprovedFinal.xcdatamodel; sourceTree = "<group>"; };
		5F979A382899D77600580C8D /* Assets.xcassets */ = {isa = PBXFileReference; lastKnownFileType = folder.assetcatalog; path = Assets.xcassets; sourceTree = "<group>"; };
		5F979A3B2899D77600580C8D /* Base */ = {isa = PBXFileReference; lastKnownFileType = file.storyboard; name = Base; path = Base.lproj/LaunchScreen.storyboard; sourceTree = "<group>"; };
		5F979A3D2899D77600580C8D /* Info.plist */ = {isa = PBXFileReference; lastKnownFileType = text.plist.xml; path = Info.plist; sourceTree = "<group>"; };
		5F979A422899D77600580C8D /* iDImprovedFinalTests.xctest */ = {isa = PBXFileReference; explicitFileType = wrapper.cfbundle; includeInIndex = 0; path = iDImprovedFinalTests.xctest; sourceTree = BUILT_PRODUCTS_DIR; };
		5F979A462899D77600580C8D /* iDImprovedFinalTests.swift */ = {isa = PBXFileReference; lastKnownFileType = sourcecode.swift; path = iDImprovedFinalTests.swift; sourceTree = "<group>"; };
		5F979A4C2899D77600580C8D /* iDImprovedFinalUITests.xctest */ = {isa = PBXFileReference; explicitFileType = wrapper.cfbundle; includeInIndex = 0; path = iDImprovedFinalUITests.xctest; sourceTree = BUILT_PRODUCTS_DIR; };
		5F979A502899D77600580C8D /* iDImprovedFinalUITests.swift */ = {isa = PBXFileReference; lastKnownFileType = sourcecode.swift; path = iDImprovedFinalUITests.swift; sourceTree = "<group>"; };
		5F979A522899D77600580C8D /* iDImprovedFinalUITestsLaunchTests.swift */ = {isa = PBXFileReference; lastKnownFileType = sourcecode.swift; path = iDImprovedFinalUITestsLaunchTests.swift; sourceTree = "<group>"; };
/* End PBXFileReference section */

/* Begin PBXFrameworksBuildPhase section */
		5F979A262899D77400580C8D /* Frameworks */ = {
			isa = PBXFrameworksBuildPhase;
			buildActionMask = 2147483647;
			files = (
			);
			runOnlyForDeploymentPostprocessing = 0;
		};
		5F979A3F2899D77600580C8D /* Frameworks */ = {
			isa = PBXFrameworksBuildPhase;
			buildActionMask = 2147483647;
			files = (
			);
			runOnlyForDeploymentPostprocessing = 0;
		};
		5F979A492899D77600580C8D /* Frameworks */ = {
			isa = PBXFrameworksBuildPhase;
			buildActionMask = 2147483647;
			files = (
			);
			runOnlyForDeploymentPostprocessing = 0;
		};
/* End PBXFrameworksBuildPhase section */

/* Begin PBXGroup section */
		5F979A202899D77400580C8D = {
			isa = PBXGroup;
			children = (
				5F979A2B2899D77400580C8D /* iDImprovedFinal */,
				5F979A452899D77600580C8D /* iDImprovedFinalTests */,
				5F979A4F2899D77600580C8D /* iDImprovedFinalUITests */,
				5F979A2A2899D77400580C8D /* Products */,
			);
			sourceTree = "<group>";
		};
		5F979A2A2899D77400580C8D /* Products */ = {
			isa = PBXGroup;
			children = (
				5F979A292899D77400580C8D /* iDImprovedFinal.app */,
				5F979A422899D77600580C8D /* iDImprovedFinalTests.xctest */,
				5F979A4C2899D77600580C8D /* iDImprovedFinalUITests.xctest */,
			);
			name = Products;
			sourceTree = "<group>";
		};
		5F979A2B2899D77400580C8D /* iDImprovedFinal */ = {
			isa = PBXGroup;
			children = (
				5F979A2C2899D77400580C8D /* AppDelegate.swift */,
				5F979A2E2899D77400580C8D /* SceneDelegate.swift */,
				5F979A302899D77400580C8D /* ViewController.swift */,
				5F979A322899D77400580C8D /* Main.storyboard */,
				5F979A382899D77600580C8D /* Assets.xcassets */,
				5F979A3A2899D77600580C8D /* LaunchScreen.storyboard */,
				5F979A3D2899D77600580C8D /* Info.plist */,
				5F979A352899D77400580C8D /* iDImprovedFinal.xcdatamodeld */,
			);
			path = iDImprovedFinal;
			sourceTree = "<group>";
		};
		5F979A452899D77600580C8D /* iDImprovedFinalTests */ = {
			isa = PBXGroup;
			children = (
				5F979A462899D77600580C8D /* iDImprovedFinalTests.swift */,
			);
			path = iDImprovedFinalTests;
			sourceTree = "<group>";
		};
		5F979A4F2899D77600580C8D /* iDImprovedFinalUITests */ = {
			isa = PBXGroup;
			children = (
				5F979A502899D77600580C8D /* iDImprovedFinalUITests.swift */,
				5F979A522899D77600580C8D /* iDImprovedFinalUITestsLaunchTests.swift */,
			);
			path = iDImprovedFinalUITests;
			sourceTree = "<group>";
		};
/* End PBXGroup section */

/* Begin PBXNativeTarget section */
		5F979A282899D77400580C8D /* iDImprovedFinal */ = {
			isa = PBXNativeTarget;
			buildConfigurationList = 5F979A562899D77600580C8D /* Build configuration list for PBXNativeTarget "iDImprovedFinal" */;
			buildPhases = (
				5F979A252899D77400580C8D /* Sources */,
				5F979A262899D77400580C8D /* Frameworks */,
				5F979A272899D77400580C8D /* Resources */,
			);
			buildRules = (
			);
			dependencies = (
			);
			name = iDImprovedFinal;
			productName = iDImprovedFinal;
			productReference = 5F979A292899D77400580C8D /* iDImprovedFinal.app */;
			productType = "com.apple.product-type.application";
		};
		5F979A412899D77600580C8D /* iDImprovedFinalTests */ = {
			isa = PBXNativeTarget;
			buildConfigurationList = 5F979A592899D77600580C8D /* Build configuration list for PBXNativeTarget "iDImprovedFinalTests" */;
			buildPhases = (
				5F979A3E2899D77600580C8D /* Sources */,
				5F979A3F2899D77600580C8D /* Frameworks */,
				5F979A402899D77600580C8D /* Resources */,
			);
			buildRules = (
			);
			dependencies = (
				5F979A442899D77600580C8D /* PBXTargetDependency */,
			);
			name = iDImprovedFinalTests;
			productName = iDImprovedFinalTests;
			productReference = 5F979A422899D77600580C8D /* iDImprovedFinalTests.xctest */;
			productType = "com.apple.product-type.bundle.unit-test";
		};
		5F979A4B2899D77600580C8D /* iDImprovedFinalUITests */ = {
			isa = PBXNativeTarget;
			buildConfigurationList = 5F979A5C2899D77600580C8D /* Build configuration list for PBXNativeTarget "iDImprovedFinalUITests" */;
			buildPhases = (
				5F979A482899D77600580C8D /* Sources */,
				5F979A492899D77600580C8D /* Frameworks */,
				5F979A4A2899D77600580C8D /* Resources */,
			);
			buildRules = (
			);
			dependencies = (
				5F979A4E2899D77600580C8D /* PBXTargetDependency */,
			);
			name = iDImprovedFinalUITests;
			productName = iDImprovedFinalUITests;
			productReference = 5F979A4C2899D77600580C8D /* iDImprovedFinalUITests.xctest */;
			productType = "com.apple.product-type.bundle.ui-testing";
		};
/* End PBXNativeTarget section */

/* Begin PBXProject section */
		5F979A212899D77400580C8D /* Project object */ = {
			isa = PBXProject;
			attributes = {
				BuildIndependentTargetsInParallel = 1;
				LastSwiftUpdateCheck = 1340;
				LastUpgradeCheck = 1340;
				TargetAttributes = {
					5F979A282899D77400580C8D = {
						CreatedOnToolsVersion = 13.4.1;
					};
					5F979A412899D77600580C8D = {
						CreatedOnToolsVersion = 13.4.1;
						TestTargetID = 5F979A282899D77400580C8D;
					};
					5F979A4B2899D77600580C8D = {
						CreatedOnToolsVersion = 13.4.1;
						TestTargetID = 5F979A282899D77400580C8D;
					};
				};
			};
			buildConfigurationList = 5F979A242899D77400580C8D /* Build configuration list for PBXProject "iDImprovedFinal" */;
			compatibilityVersion = "Xcode 13.0";
			developmentRegion = en;
			hasScannedForEncodings = 0;
			knownRegions = (
				en,
				Base,
			);
			mainGroup = 5F979A202899D77400580C8D;
			productRefGroup = 5F979A2A2899D77400580C8D /* Products */;
			projectDirPath = "";
			projectRoot = "";
			targets = (
				5F979A282899D77400580C8D /* iDImprovedFinal */,
				5F979A412899D77600580C8D /* iDImprovedFinalTests */,
				5F979A4B2899D77600580C8D /* iDImprovedFinalUITests */,
			);
		};
/* End PBXProject section */

/* Begin PBXResourcesBuildPhase section */
		5F979A272899D77400580C8D /* Resources */ = {
			isa = PBXResourcesBuildPhase;
			buildActionMask = 2147483647;
			files = (
				5F979A3C2899D77600580C8D /* LaunchScreen.storyboard in Resources */,
				5F979A392899D77600580C8D /* Assets.xcassets in Resources */,
				5F979A342899D77400580C8D /* Main.storyboard in Resources */,
			);
			runOnlyForDeploymentPostprocessing = 0;
		};
		5F979A402899D77600580C8D /* Resources */ = {
			isa = PBXResourcesBuildPhase;
			buildActionMask = 2147483647;
			files = (
			);
			runOnlyForDeploymentPostprocessing = 0;
		};
		5F979A4A2899D77600580C8D /* Resources */ = {
			isa = PBXResourcesBuildPhase;
			buildActionMask = 2147483647;
			files = (
			);
			runOnlyForDeploymentPostprocessing = 0;
		};
/* End PBXResourcesBuildPhase section */

/* Begin PBXSourcesBuildPhase section */
		5F979A252899D77400580C8D /* Sources */ = {
			isa = PBXSourcesBuildPhase;
			buildActionMask = 2147483647;
			files = (
				5F979A312899D77400580C8D /* ViewController.swift in Sources */,
				5F979A372899D77400580C8D /* iDImprovedFinal.xcdatamodeld in Sources */,
				5F979A2D2899D77400580C8D /* AppDelegate.swift in Sources */,
				5F979A2F2899D77400580C8D /* SceneDelegate.swift in Sources */,
			);
			runOnlyForDeploymentPostprocessing = 0;
		};
		5F979A3E2899D77600580C8D /* Sources */ = {
			isa = PBXSourcesBuildPhase;
			buildActionMask = 2147483647;
			files = (
				5F979A472899D77600580C8D /* iDImprovedFinalTests.swift in Sources */,
			);
			runOnlyForDeploymentPostprocessing = 0;
		};
		5F979A482899D77600580C8D /* Sources */ = {
			isa = PBXSourcesBuildPhase;
			buildActionMask = 2147483647;
			files = (
				5F979A532899D77600580C8D /* iDImprovedFinalUITestsLaunchTests.swift in Sources */,
				5F979A512899D77600580C8D /* iDImprovedFinalUITests.swift in Sources */,
			);
			runOnlyForDeploymentPostprocessing = 0;
		};
/* End PBXSourcesBuildPhase section */

/* Begin PBXTargetDependency section */
		5F979A442899D77600580C8D /* PBXTargetDependency */ = {
			isa = PBXTargetDependency;
			target = 5F979A282899D77400580C8D /* iDImprovedFinal */;
			targetProxy = 5F979A432899D77600580C8D /* PBXContainerItemProxy */;
		};
		5F979A4E2899D77600580C8D /* PBXTargetDependency */ = {
			isa = PBXTargetDependency;
			target = 5F979A282899D77400580C8D /* iDImprovedFinal */;
			targetProxy = 5F979A4D2899D77600580C8D /* PBXContainerItemProxy */;
		};
/* End PBXTargetDependency section */

/* Begin PBXVariantGroup section */
		5F979A322899D77400580C8D /* Main.storyboard */ = {
			isa = PBXVariantGroup;
			children = (
				5F979A332899D77400580C8D /* Base */,
			);
			name = Main.storyboard;
			sourceTree = "<group>";
		};
		5F979A3A2899D77600580C8D /* LaunchScreen.storyboard */ = {
			isa = PBXVariantGroup;
			children = (
				5F979A3B2899D77600580C8D /* Base */,
			);
			name = LaunchScreen.storyboard;
			sourceTree = "<group>";
		};
/* End PBXVariantGroup section */

/* Begin XCBuildConfiguration section */
		5F979A542899D77600580C8D /* Debug */ = {
			isa = XCBuildConfiguration;
			buildSettings = {
				ALWAYS_SEARCH_USER_PATHS = NO;
				CLANG_ANALYZER_NONNULL = YES;
				CLANG_ANALYZER_NUMBER_OBJECT_CONVERSION = YES_AGGRESSIVE;
				CLANG_CXX_LANGUAGE_STANDARD = "gnu++17";
				CLANG_ENABLE_MODULES = YES;
				CLANG_ENABLE_OBJC_ARC = YES;
				CLANG_ENABLE_OBJC_WEAK = YES;
				CLANG_WARN_BLOCK_CAPTURE_AUTORELEASING = YES;
				CLANG_WARN_BOOL_CONVERSION = YES;
				CLANG_WARN_COMMA = YES;
				CLANG_WARN_CONSTANT_CONVERSION = YES;
				CLANG_WARN_DEPRECATED_OBJC_IMPLEMENTATIONS = YES;
				CLANG_WARN_DIRECT_OBJC_ISA_USAGE = YES_ERROR;
				CLANG_WARN_DOCUMENTATION_COMMENTS = YES;
				CLANG_WARN_EMPTY_BODY = YES;
				CLANG_WARN_ENUM_CONVERSION = YES;
				CLANG_WARN_INFINITE_RECURSION = YES;
				CLANG_WARN_INT_CONVERSION = YES;
				CLANG_WARN_NON_LITERAL_NULL_CONVERSION = YES;
				CLANG_WARN_OBJC_IMPLICIT_RETAIN_SELF = YES;
				CLANG_WARN_OBJC_LITERAL_CONVERSION = YES;
				CLANG_WARN_OBJC_ROOT_CLASS = YES_ERROR;
				CLANG_WARN_QUOTED_INCLUDE_IN_FRAMEWORK_HEADER = YES;
				CLANG_WARN_RANGE_LOOP_ANALYSIS = YES;
				CLANG_WARN_STRICT_PROTOTYPES = YES;
				CLANG_WARN_SUSPICIOUS_MOVE = YES;
				CLANG_WARN_UNGUARDED_AVAILABILITY = YES_AGGRESSIVE;
				CLANG_WARN_UNREACHABLE_CODE = YES;
				CLANG_WARN__DUPLICATE_METHOD_MATCH = YES;
				COPY_PHASE_STRIP = NO;
				DEBUG_INFORMATION_FORMAT = dwarf;
				ENABLE_STRICT_OBJC_MSGSEND = YES;
				ENABLE_TESTABILITY = YES;
				GCC_C_LANGUAGE_STANDARD = gnu11;
				GCC_DYNAMIC_NO_PIC = NO;
				GCC_NO_COMMON_BLOCKS = YES;
				GCC_OPTIMIZATION_LEVEL = 0;
				GCC_PREPROCESSOR_DEFINITIONS = (
					"DEBUG=1",
					"$(inherited)",
				);
				GCC_WARN_64_TO_32_BIT_CONVERSION = YES;
				GCC_WARN_ABOUT_RETURN_TYPE = YES_ERROR;
				GCC_WARN_UNDECLARED_SELECTOR = YES;
				GCC_WARN_UNINITIALIZED_AUTOS = YES_AGGRESSIVE;
				GCC_WARN_UNUSED_FUNCTION = YES;
				GCC_WARN_UNUSED_VARIABLE = YES;
				IPHONEOS_DEPLOYMENT_TARGET = 15.5;
				MTL_ENABLE_DEBUG_INFO = INCLUDE_SOURCE;
				MTL_FAST_MATH = YES;
				ONLY_ACTIVE_ARCH = YES;
				SDKROOT = iphoneos;
				SWIFT_ACTIVE_COMPILATION_CONDITIONS = DEBUG;
				SWIFT_OPTIMIZATION_LEVEL = "-Onone";
			};
			name = Debug;
		};
		5F979A552899D77600580C8D /* Release */ = {
			isa = XCBuildConfiguration;
			buildSettings = {
				ALWAYS_SEARCH_USER_PATHS = NO;
				CLANG_ANALYZER_NONNULL = YES;
				CLANG_ANALYZER_NUMBER_OBJECT_CONVERSION = YES_AGGRESSIVE;
				CLANG_CXX_LANGUAGE_STANDARD = "gnu++17";
				CLANG_ENABLE_MODULES = YES;
				CLANG_ENABLE_OBJC_ARC = YES;
				CLANG_ENABLE_OBJC_WEAK = YES;
				CLANG_WARN_BLOCK_CAPTURE_AUTORELEASING = YES;
				CLANG_WARN_BOOL_CONVERSION = YES;
				CLANG_WARN_COMMA = YES;
				CLANG_WARN_CONSTANT_CONVERSION = YES;
				CLANG_WARN_DEPRECATED_OBJC_IMPLEMENTATIONS = YES;
				CLANG_WARN_DIRECT_OBJC_ISA_USAGE = YES_ERROR;
				CLANG_WARN_DOCUMENTATION_COMMENTS = YES;
				CLANG_WARN_EMPTY_BODY = YES;
				CLANG_WARN_ENUM_CONVERSION = YES;
				CLANG_WARN_INFINITE_RECURSION = YES;
				CLANG_WARN_INT_CONVERSION = YES;
				CLANG_WARN_NON_LITERAL_NULL_CONVERSION = YES;
				CLANG_WARN_OBJC_IMPLICIT_RETAIN_SELF = YES;
				CLANG_WARN_OBJC_LITERAL_CONVERSION = YES;
				CLANG_WARN_OBJC_ROOT_CLASS = YES_ERROR;
				CLANG_WARN_QUOTED_INCLUDE_IN_FRAMEWORK_HEADER = YES;
				CLANG_WARN_RANGE_LOOP_ANALYSIS = YES;
				CLANG_WARN_STRICT_PROTOTYPES = YES;
				CLANG_WARN_SUSPICIOUS_MOVE = YES;
				CLANG_WARN_UNGUARDED_AVAILABILITY = YES_AGGRESSIVE;
				CLANG_WARN_UNREACHABLE_CODE = YES;
				CLANG_WARN__DUPLICATE_METHOD_MATCH = YES;
				COPY_PHASE_STRIP = NO;
				DEBUG_INFORMATION_FORMAT = "dwarf-with-dsym";
				ENABLE_NS_ASSERTIONS = NO;
				ENABLE_STRICT_OBJC_MSGSEND = YES;
				GCC_C_LANGUAGE_STANDARD = gnu11;
				GCC_NO_COMMON_BLOCKS = YES;
				GCC_WARN_64_TO_32_BIT_CONVERSION = YES;
				GCC_WARN_ABOUT_RETURN_TYPE = YES_ERROR;
				GCC_WARN_UNDECLARED_SELECTOR = YES;
				GCC_WARN_UNINITIALIZED_AUTOS = YES_AGGRESSIVE;
				GCC_WARN_UNUSED_FUNCTION = YES;
				GCC_WARN_UNUSED_VARIABLE = YES;
				IPHONEOS_DEPLOYMENT_TARGET = 15.5;
				MTL_ENABLE_DEBUG_INFO = NO;
				MTL_FAST_MATH = YES;
				SDKROOT = iphoneos;
				SWIFT_COMPILATION_MODE = wholemodule;
				SWIFT_OPTIMIZATION_LEVEL = "-O";
				VALIDATE_PRODUCT = YES;
			};
			name = Release;
		};
		5F979A572899D77600580C8D /* Debug */ = {
			isa = XCBuildConfiguration;
			buildSettings = {
				ASSETCATALOG_COMPILER_APPICON_NAME = AppIcon;
				ASSETCATALOG_COMPILER_GLOBAL_ACCENT_COLOR_NAME = AccentColor;
				CODE_SIGN_STYLE = Automatic;
				CURRENT_PROJECT_VERSION = 1;
				GENERATE_INFOPLIST_FILE = YES;
				INFOPLIST_FILE = iDImprovedFinal/Info.plist;
				INFOPLIST_KEY_UIApplicationSupportsIndirectInputEvents = YES;
				INFOPLIST_KEY_UILaunchStoryboardName = LaunchScreen;
				INFOPLIST_KEY_UIMainStoryboardFile = Main;
				INFOPLIST_KEY_UISupportedInterfaceOrientations_iPad = "UIInterfaceOrientationPortrait UIInterfaceOrientationPortraitUpsideDown UIInterfaceOrientationLandscapeLeft UIInterfaceOrientationLandscapeRight";
				INFOPLIST_KEY_UISupportedInterfaceOrientations_iPhone = "UIInterfaceOrientationPortrait UIInterfaceOrientationLandscapeLeft UIInterfaceOrientationLandscapeRight";
				LD_RUNPATH_SEARCH_PATHS = (
					"$(inherited)",
					"@executable_path/Frameworks",
				);
				MARKETING_VERSION = 1.0;
				PRODUCT_BUNDLE_IDENTIFIER = kwk.iDImprovedFinal;
				PRODUCT_NAME = "$(TARGET_NAME)";
				SWIFT_EMIT_LOC_STRINGS = YES;
				SWIFT_VERSION = 5.0;
				TARGETED_DEVICE_FAMILY = "1,2";
			};
			name = Debug;
		};
		5F979A582899D77600580C8D /* Release */ = {
			isa = XCBuildConfiguration;
			buildSettings = {
				ASSETCATALOG_COMPILER_APPICON_NAME = AppIcon;
				ASSETCATALOG_COMPILER_GLOBAL_ACCENT_COLOR_NAME = AccentColor;
				CODE_SIGN_STYLE = Automatic;
				CURRENT_PROJECT_VERSION = 1;
				GENERATE_INFOPLIST_FILE = YES;
				INFOPLIST_FILE = iDImprovedFinal/Info.plist;
				INFOPLIST_KEY_UIApplicationSupportsIndirectInputEvents = YES;
				INFOPLIST_KEY_UILaunchStoryboardName = LaunchScreen;
				INFOPLIST_KEY_UIMainStoryboardFile = Main;
				INFOPLIST_KEY_UISupportedInterfaceOrientations_iPad = "UIInterfaceOrientationPortrait UIInterfaceOrientationPortraitUpsideDown UIInterfaceOrientationLandscapeLeft UIInterfaceOrientationLandscapeRight";
				INFOPLIST_KEY_UISupportedInterfaceOrientations_iPhone = "UIInterfaceOrientationPortrait UIInterfaceOrientationLandscapeLeft UIInterfaceOrientationLandscapeRight";
				LD_RUNPATH_SEARCH_PATHS = (
					"$(inherited)",
					"@executable_path/Frameworks",
				);
				MARKETING_VERSION = 1.0;
				PRODUCT_BUNDLE_IDENTIFIER = kwk.iDImprovedFinal;
				PRODUCT_NAME = "$(TARGET_NAME)";
				SWIFT_EMIT_LOC_STRINGS = YES;
				SWIFT_VERSION = 5.0;
				TARGETED_DEVICE_FAMILY = "1,2";
			};
			name = Release;
		};
		5F979A5A2899D77600580C8D /* Debug */ = {
			isa = XCBuildConfiguration;
			buildSettings = {
				ALWAYS_EMBED_SWIFT_STANDARD_LIBRARIES = YES;
				BUNDLE_LOADER = "$(TEST_HOST)";
				CODE_SIGN_STYLE = Automatic;
				CURRENT_PROJECT_VERSION = 1;
				GENERATE_INFOPLIST_FILE = YES;
				IPHONEOS_DEPLOYMENT_TARGET = 15.5;
				MARKETING_VERSION = 1.0;
				PRODUCT_BUNDLE_IDENTIFIER = kwk.iDImprovedFinalTests;
				PRODUCT_NAME = "$(TARGET_NAME)";
				SWIFT_EMIT_LOC_STRINGS = NO;
				SWIFT_VERSION = 5.0;
				TARGETED_DEVICE_FAMILY = "1,2";
				TEST_HOST = "$(BUILT_PRODUCTS_DIR)/iDImprovedFinal.app/iDImprovedFinal";
			};
			name = Debug;
		};
		5F979A5B2899D77600580C8D /* Release */ = {
			isa = XCBuildConfiguration;
			buildSettings = {
				ALWAYS_EMBED_SWIFT_STANDARD_LIBRARIES = YES;
				BUNDLE_LOADER = "$(TEST_HOST)";
				CODE_SIGN_STYLE = Automatic;
				CURRENT_PROJECT_VERSION = 1;
				GENERATE_INFOPLIST_FILE = YES;
				IPHONEOS_DEPLOYMENT_TARGET = 15.5;
				MARKETING_VERSION = 1.0;
				PRODUCT_BUNDLE_IDENTIFIER = kwk.iDImprovedFinalTests;
				PRODUCT_NAME = "$(TARGET_NAME)";
				SWIFT_EMIT_LOC_STRINGS = NO;
				SWIFT_VERSION = 5.0;
				TARGETED_DEVICE_FAMILY = "1,2";
				TEST_HOST = "$(BUILT_PRODUCTS_DIR)/iDImprovedFinal.app/iDImprovedFinal";
			};
			name = Release;
		};
		5F979A5D2899D77600580C8D /* Debug */ = {
			isa = XCBuildConfiguration;
			buildSettings = {
				ALWAYS_EMBED_SWIFT_STANDARD_LIBRARIES = YES;
				CODE_SIGN_STYLE = Automatic;
				CURRENT_PROJECT_VERSION = 1;
				GENERATE_INFOPLIST_FILE = YES;
				MARKETING_VERSION = 1.0;
				PRODUCT_BUNDLE_IDENTIFIER = kwk.iDImprovedFinalUITests;
				PRODUCT_NAME = "$(TARGET_NAME)";
				SWIFT_EMIT_LOC_STRINGS = NO;
				SWIFT_VERSION = 5.0;
				TARGETED_DEVICE_FAMILY = "1,2";
				TEST_TARGET_NAME = iDImprovedFinal;
			};
			name = Debug;
		};
		5F979A5E2899D77600580C8D /* Release */ = {
			isa = XCBuildConfiguration;
			buildSettings = {
				ALWAYS_EMBED_SWIFT_STANDARD_LIBRARIES = YES;
				CODE_SIGN_STYLE = Automatic;
				CURRENT_PROJECT_VERSION = 1;
				GENERATE_INFOPLIST_FILE = YES;
				MARKETING_VERSION = 1.0;
				PRODUCT_BUNDLE_IDENTIFIER = kwk.iDImprovedFinalUITests;
				PRODUCT_NAME = "$(TARGET_NAME)";
				SWIFT_EMIT_LOC_STRINGS = NO;
				SWIFT_VERSION = 5.0;
				TARGETED_DEVICE_FAMILY = "1,2";
				TEST_TARGET_NAME = iDImprovedFinal;
			};
			name = Release;
		};
/* End XCBuildConfiguration section */

/* Begin XCConfigurationList section */
		5F979A242899D77400580C8D /* Build configuration list for PBXProject "iDImprovedFinal" */ = {
			isa = XCConfigurationList;
			buildConfigurations = (
				5F979A542899D77600580C8D /* Debug */,
				5F979A552899D77600580C8D /* Release */,
			);
			defaultConfigurationIsVisible = 0;
			defaultConfigurationName = Release;
		};
		5F979A562899D77600580C8D /* Build configuration list for PBXNativeTarget "iDImprovedFinal" */ = {
			isa = XCConfigurationList;
			buildConfigurations = (
				5F979A572899D77600580C8D /* Debug */,
				5F979A582899D77600580C8D /* Release */,
			);
			defaultConfigurationIsVisible = 0;
			defaultConfigurationName = Release;
		};
		5F979A592899D77600580C8D /* Build configuration list for PBXNativeTarget "iDImprovedFinalTests" */ = {
			isa = XCConfigurationList;
			buildConfigurations = (
				5F979A5A2899D77600580C8D /* Debug */,
				5F979A5B2899D77600580C8D /* Release */,
			);
			defaultConfigurationIsVisible = 0;
			defaultConfigurationName = Release;
		};
		5F979A5C2899D77600580C8D /* Build configuration list for PBXNativeTarget "iDImprovedFinalUITests" */ = {
			isa = XCConfigurationList;
			buildConfigurations = (
				5F979A5D2899D77600580C8D /* Debug */,
				5F979A5E2899D77600580C8D /* Release */,
			);
			defaultConfigurationIsVisible = 0;
			defaultConfigurationName = Release;
		};
/* End XCConfigurationList section */

/* Begin XCVersionGroup section */
		5F979A352899D77400580C8D /* iDImprovedFinal.xcdatamodeld */ = {
			isa = XCVersionGroup;
			children = (
				5F979A362899D77400580C8D /* iDImprovedFinal.xcdatamodel */,
			);
			currentVersion = 5F979A362899D77400580C8D /* iDImprovedFinal.xcdatamodel */;
			path = iDImprovedFinal.xcdatamodeld;
			sourceTree = "<group>";
			versionGroupType = wrapper.xcdatamodel;
		};
/* End XCVersionGroup section */
	};
	rootObject = 5F979A212899D77400580C8D /* Project object */;
}
